
Microsoft Visual Studio Solution File, Format Version 12.00
Project("{FAE04EC0-301F-11D3-BF4B-00C04F79EFBC}") = "ConsoleApp", "00\ConsoleApp\ConsoleApp.csproj", "{0937787C-6816-4C04-B55F-F74CCAC8CE0F}"
EndProject
Project("{FAE04EC0-301F-11D3-BF4B-00C04F79EFBC}") = "ConsoleApp", "01\ConsoleApp\ConsoleApp.csproj", "{DC02F64C-E41B-4624-95D1-0EAE4D58A439}"
EndProject
Project("{FAE04EC0-301F-11D3-BF4B-00C04F79EFBC}") = "Sample1", "01\samples\Sample1\Sample1.csproj", "{60AB2B90-B704-4C95-99B1-6F010730A076}"
EndProject
Project("{FAE04EC0-301F-11D3-BF4B-00C04F79EFBC}") = "ConsoleApp", "02\ConsoleApp\ConsoleApp.csproj", "{50C6D5E4-17F2-4EB8-A599-47A991927AD3}"
EndProject
Project("{FAE04EC0-301F-11D3-BF4B-00C04F79EFBC}") = "Sample1", "02\samples\Sample1\Sample1.csproj", "{DB777CBE-BC80-4335-AA3C-4721B73BF85D}"
EndProject
Project("{FAE04EC0-301F-11D3-BF4B-00C04F79EFBC}") = "Sample2", "02\samples\Sample2\Sample2.csproj", "{A1723735-F498-4D0D-B096-25F0305BE76C}"
EndProject
Project("{FAE04EC0-301F-11D3-BF4B-00C04F79EFBC}") = "Sample3", "02\samples\Sample3\Sample3.csproj", "{6CF446A6-BE45-4990-AFB4-971152059C66}"
EndProject
Project("{FAE04EC0-301F-11D3-BF4B-00C04F79EFBC}") = "Samples4", "02\samples\Samples4\Samples4.csproj", "{E9ADEB1C-7811-4553-83C6-F0210B350164}"
EndProject
Project("{FAE04EC0-301F-11D3-BF4B-00C04F79EFBC}") = "ConsoleApp", "03\ConsoleApp\ConsoleApp.csproj", "{E53C755E-7BEC-455D-AE03-CF5ED8636AD5}"
EndProject
Project("{FAE04EC0-301F-11D3-BF4B-00C04F79EFBC}") = "Sample1", "03\samples\Sample1\Sample1.csproj", "{8D05FE5B-DE9B-4FE0-93B6-03019CBC3221}"
EndProject
Project("{FAE04EC0-301F-11D3-BF4B-00C04F79EFBC}") = "Sample2", "03\samples\Sample2\Sample2.csproj", "{F5CCED02-E9BD-4D38-AA83-8C9A623DB6BF}"
EndProject
Project("{FAE04EC0-301F-11D3-BF4B-00C04F79EFBC}") = "Sample3", "03\samples\Sample3\Sample3.csproj", "{4C7DADCD-2E09-4A0F-A917-80A0C8C905F3}"
EndProject
Project("{FAE04EC0-301F-11D3-BF4B-00C04F79EFBC}") = "Sample4", "03\samples\Sample4\Sample4.csproj", "{A32A129A-205C-4F77-B525-7A87B4CEA5FF}"
EndProject
Global
	GlobalSection(SolutionConfigurationPlatforms) = preSolution
		Debug|Any CPU = Debug|Any CPU
		Release|Any CPU = Release|Any CPU
	EndGlobalSection
	GlobalSection(ProjectConfigurationPlatforms) = postSolution
		{0937787C-6816-4C04-B55F-F74CCAC8CE0F}.Debug|Any CPU.ActiveCfg = Debug|Any CPU
		{0937787C-6816-4C04-B55F-F74CCAC8CE0F}.Debug|Any CPU.Build.0 = Debug|Any CPU
		{0937787C-6816-4C04-B55F-F74CCAC8CE0F}.Release|Any CPU.ActiveCfg = Release|Any CPU
		{0937787C-6816-4C04-B55F-F74CCAC8CE0F}.Release|Any CPU.Build.0 = Release|Any CPU
		{DC02F64C-E41B-4624-95D1-0EAE4D58A439}.Debug|Any CPU.ActiveCfg = Debug|Any CPU
		{DC02F64C-E41B-4624-95D1-0EAE4D58A439}.Debug|Any CPU.Build.0 = Debug|Any CPU
		{DC02F64C-E41B-4624-95D1-0EAE4D58A439}.Release|Any CPU.ActiveCfg = Release|Any CPU
		{DC02F64C-E41B-4624-95D1-0EAE4D58A439}.Release|Any CPU.Build.0 = Release|Any CPU
		{60AB2B90-B704-4C95-99B1-6F010730A076}.Debug|Any CPU.ActiveCfg = Debug|Any CPU
		{60AB2B90-B704-4C95-99B1-6F010730A076}.Debug|Any CPU.Build.0 = Debug|Any CPU
		{60AB2B90-B704-4C95-99B1-6F010730A076}.Release|Any CPU.ActiveCfg = Release|Any CPU
		{60AB2B90-B704-4C95-99B1-6F010730A076}.Release|Any CPU.Build.0 = Release|Any CPU
		{50C6D5E4-17F2-4EB8-A599-47A991927AD3}.Debug|Any CPU.ActiveCfg = Debug|Any CPU
		{50C6D5E4-17F2-4EB8-A599-47A991927AD3}.Debug|Any CPU.Build.0 = Debug|Any CPU
		{50C6D5E4-17F2-4EB8-A599-47A991927AD3}.Release|Any CPU.ActiveCfg = Release|Any CPU
		{50C6D5E4-17F2-4EB8-A599-47A991927AD3}.Release|Any CPU.Build.0 = Release|Any CPU
		{DB777CBE-BC80-4335-AA3C-4721B73BF85D}.Debug|Any CPU.ActiveCfg = Debug|Any CPU
		{DB777CBE-BC80-4335-AA3C-4721B73BF85D}.Debug|Any CPU.Build.0 = Debug|Any CPU
		{DB777CBE-BC80-4335-AA3C-4721B73BF85D}.Release|Any CPU.ActiveCfg = Release|Any CPU
		{DB777CBE-BC80-4335-AA3C-4721B73BF85D}.Release|Any CPU.Build.0 = Release|Any CPU
		{A1723735-F498-4D0D-B096-25F0305BE76C}.Debug|Any CPU.ActiveCfg = Debug|Any CPU
		{A1723735-F498-4D0D-B096-25F0305BE76C}.Debug|Any CPU.Build.0 = Debug|Any CPU
		{A1723735-F498-4D0D-B096-25F0305BE76C}.Release|Any CPU.ActiveCfg = Release|Any CPU
		{A1723735-F498-4D0D-B096-25F0305BE76C}.Release|Any CPU.Build.0 = Release|Any CPU
		{6CF446A6-BE45-4990-AFB4-971152059C66}.Debug|Any CPU.ActiveCfg = Debug|Any CPU
		{6CF446A6-BE45-4990-AFB4-971152059C66}.Debug|Any CPU.Build.0 = Debug|Any CPU
		{6CF446A6-BE45-4990-AFB4-971152059C66}.Release|Any CPU.ActiveCfg = Release|Any CPU
		{6CF446A6-BE45-4990-AFB4-971152059C66}.Release|Any CPU.Build.0 = Release|Any CPU
		{E9ADEB1C-7811-4553-83C6-F0210B350164}.Debug|Any CPU.ActiveCfg = Debug|Any CPU
		{E9ADEB1C-7811-4553-83C6-F0210B350164}.Debug|Any CPU.Build.0 = Debug|Any CPU
		{E9ADEB1C-7811-4553-83C6-F0210B350164}.Release|Any CPU.ActiveCfg = Release|Any CPU
		{E9ADEB1C-7811-4553-83C6-F0210B350164}.Release|Any CPU.Build.0 = Release|Any CPU
		{E53C755E-7BEC-455D-AE03-CF5ED8636AD5}.Debug|Any CPU.ActiveCfg = Debug|Any CPU
		{E53C755E-7BEC-455D-AE03-CF5ED8636AD5}.Debug|Any CPU.Build.0 = Debug|Any CPU
		{E53C755E-7BEC-455D-AE03-CF5ED8636AD5}.Release|Any CPU.ActiveCfg = Release|Any CPU
		{E53C755E-7BEC-455D-AE03-CF5ED8636AD5}.Release|Any CPU.Build.0 = Release|Any CPU
		{8D05FE5B-DE9B-4FE0-93B6-03019CBC3221}.Debug|Any CPU.ActiveCfg = Debug|Any CPU
		{8D05FE5B-DE9B-4FE0-93B6-03019CBC3221}.Debug|Any CPU.Build.0 = Debug|Any CPU
		{8D05FE5B-DE9B-4FE0-93B6-03019CBC3221}.Release|Any CPU.ActiveCfg = Release|Any CPU
		{8D05FE5B-DE9B-4FE0-93B6-03019CBC3221}.Release|Any CPU.Build.0 = Release|Any CPU
		{F5CCED02-E9BD-4D38-AA83-8C9A623DB6BF}.Debug|Any CPU.ActiveCfg = Debug|Any CPU
		{F5CCED02-E9BD-4D38-AA83-8C9A623DB6BF}.Debug|Any CPU.Build.0 = Debug|Any CPU
		{F5CCED02-E9BD-4D38-AA83-8C9A623DB6BF}.Release|Any CPU.ActiveCfg = Release|Any CPU
		{F5CCED02-E9BD-4D38-AA83-8C9A623DB6BF}.Release|Any CPU.Build.0 = Release|Any CPU
		{4C7DADCD-2E09-4A0F-A917-80A0C8C905F3}.Debug|Any CPU.ActiveCfg = Debug|Any CPU
		{4C7DADCD-2E09-4A0F-A917-80A0C8C905F3}.Debug|Any CPU.Build.0 = Debug|Any CPU
		{4C7DADCD-2E09-4A0F-A917-80A0C8C905F3}.Release|Any CPU.ActiveCfg = Release|Any CPU
		{4C7DADCD-2E09-4A0F-A917-80A0C8C905F3}.Release|Any CPU.Build.0 = Release|Any CPU
		{A32A129A-205C-4F77-B525-7A87B4CEA5FF}.Debug|Any CPU.ActiveCfg = Debug|Any CPU
		{A32A129A-205C-4F77-B525-7A87B4CEA5FF}.Debug|Any CPU.Build.0 = Debug|Any CPU
		{A32A129A-205C-4F77-B525-7A87B4CEA5FF}.Release|Any CPU.ActiveCfg = Release|Any CPU
		{A32A129A-205C-4F77-B525-7A87B4CEA5FF}.Release|Any CPU.Build.0 = Release|Any CPU
	EndGlobalSection
EndGlobal
