
Microsoft Visual Studio Solution File, Format Version 12.00
Project("{FAE04EC0-301F-11D3-BF4B-00C04F79EFBC}") = "ConsoleApp", "00\ConsoleApp\ConsoleApp.csproj", "{0937787C-6816-4C04-B55F-F74CCAC8CE0F}"
EndProject
Project("{FAE04EC0-301F-11D3-BF4B-00C04F79EFBC}") = "ConsoleApp", "01\ConsoleApp\ConsoleApp.csproj", "{DC02F64C-E41B-4624-95D1-0EAE4D58A439}"
EndProject
Project("{FAE04EC0-301F-11D3-BF4B-00C04F79EFBC}") = "Sample1", "01\samples\Sample1\Sample1.csproj", "{60AB2B90-B704-4C95-99B1-6F010730A076}"
EndProject
Project("{FAE04EC0-301F-11D3-BF4B-00C04F79EFBC}") = "ConsoleApp", "02\ConsoleApp\ConsoleApp.csproj", "{50C6D5E4-17F2-4EB8-A599-47A991927AD3}"
EndProject
Project("{FAE04EC0-301F-11D3-BF4B-00C04F79EFBC}") = "Sample1", "02\samples\Sample1\Sample1.csproj", "{DB777CBE-BC80-4335-AA3C-4721B73BF85D}"
EndProject
Project("{FAE04EC0-301F-11D3-BF4B-00C04F79EFBC}") = "Sample2", "02\samples\Sample2\Sample2.csproj", "{A1723735-F498-4D0D-B096-25F0305BE76C}"
EndProject
Project("{FAE04EC0-301F-11D3-BF4B-00C04F79EFBC}") = "Sample3", "02\samples\Sample3\Sample3.csproj", "{6CF446A6-BE45-4990-AFB4-971152059C66}"
EndProject
Project("{FAE04EC0-301F-11D3-BF4B-00C04F79EFBC}") = "Samples4", "02\samples\Samples4\Samples4.csproj", "{E9ADEB1C-7811-4553-83C6-F0210B350164}"
EndProject
Project("{FAE04EC0-301F-11D3-BF4B-00C04F79EFBC}") = "ConsoleApp", "03\ConsoleApp\ConsoleApp.csproj", "{E53C755E-7BEC-455D-AE03-CF5ED8636AD5}"
EndProject
Project("{FAE04EC0-301F-11D3-BF4B-00C04F79EFBC}") = "Sample1", "03\samples\Sample1\Sample1.csproj", "{8D05FE5B-DE9B-4FE0-93B6-03019CBC3221}"
EndProject
Project("{FAE04EC0-301F-11D3-BF4B-00C04F79EFBC}") = "Sample2", "03\samples\Sample2\Sample2.csproj", "{F5CCED02-E9BD-4D38-AA83-8C9A623DB6BF}"
EndProject
Project("{FAE04EC0-301F-11D3-BF4B-00C04F79EFBC}") = "Sample3", "03\samples\Sample3\Sample3.csproj", "{4C7DADCD-2E09-4A0F-A917-80A0C8C905F3}"
EndProject
Project("{FAE04EC0-301F-11D3-BF4B-00C04F79EFBC}") = "Sample4", "03\samples\Sample4\Sample4.csproj", "{A32A129A-205C-4F77-B525-7A87B4CEA5FF}"
EndProject
Project("{FAE04EC0-301F-11D3-BF4B-00C04F79EFBC}") = "ConsoleApp", "04\ConsoleApp\ConsoleApp.csproj", "{AA94E88D-8765-418C-9FED-2BA4B30FF60B}"
EndProject
Project("{FAE04EC0-301F-11D3-BF4B-00C04F79EFBC}") = "Sample1", "04\samples\Sample1\Sample1.csproj", "{F4698D0B-AC84-4B4F-B7C8-2474690118A9}"
EndProject
Project("{FAE04EC0-301F-11D3-BF4B-00C04F79EFBC}") = "Sample2", "04\samples\Sample2\Sample2.csproj", "{85095327-2B95-4A12-A37C-FB8990B1E60A}"
EndProject
Project("{FAE04EC0-301F-11D3-BF4B-00C04F79EFBC}") = "Sample3", "04\samples\Sample3\Sample3.csproj", "{BD9D409C-58A7-4FF2-8D44-4860B5283182}"
EndProject
Project("{FAE04EC0-301F-11D3-BF4B-00C04F79EFBC}") = "Sample4", "04\samples\Sample4\Sample4.csproj", "{2F9664C0-6A93-4AFF-8787-A464BC0EE9B5}"
EndProject
Project("{FAE04EC0-301F-11D3-BF4B-00C04F79EFBC}") = "ConsoleApp", "05\ConsoleApp\ConsoleApp.csproj", "{7DBA6B84-3EBE-44A3-9449-EDEB3107CD1F}"
EndProject
Project("{FAE04EC0-301F-11D3-BF4B-00C04F79EFBC}") = "Sample1", "05\samples\Sample1\Sample1.csproj", "{59DDE9A9-75AE-487C-A4DA-4F3807CCDEA5}"
EndProject
Project("{FAE04EC0-301F-11D3-BF4B-00C04F79EFBC}") = "Sample2", "05\samples\Sample2\Sample2.csproj", "{78E6466C-FF96-43A8-A934-6D7F11091A73}"
EndProject
Project("{FAE04EC0-301F-11D3-BF4B-00C04F79EFBC}") = "Sample3", "05\samples\Sample3\Sample3.csproj", "{009E8B7F-D6B6-430A-A4B7-8B028387F4F2}"
EndProject
Project("{FAE04EC0-301F-11D3-BF4B-00C04F79EFBC}") = "Sample4", "05\samples\Sample4\Sample4.csproj", "{50DC081A-4E29-4F39-964F-E3FA417F68D7}"
EndProject
Project("{FAE04EC0-301F-11D3-BF4B-00C04F79EFBC}") = "ConsoleApp", "06\ConsoleApp\ConsoleApp.csproj", "{BFB03CAC-8058-4FB4-9EBD-C9D75ACDDA2E}"
EndProject
Project("{FAE04EC0-301F-11D3-BF4B-00C04F79EFBC}") = "Sample1", "06\samples\Sample1\Sample1.csproj", "{B360B088-3A52-404E-B8B7-CB1FE700A198}"
EndProject
Project("{FAE04EC0-301F-11D3-BF4B-00C04F79EFBC}") = "Sample2", "06\samples\Sample2\Sample2.csproj", "{D24CBE77-B361-4B53-AD20-AECCA7F1A339}"
EndProject
Project("{FAE04EC0-301F-11D3-BF4B-00C04F79EFBC}") = "Sample3", "06\samples\Sample3\Sample3.csproj", "{A425CF26-C392-4776-A492-DD2F063C3721}"
EndProject
Project("{FAE04EC0-301F-11D3-BF4B-00C04F79EFBC}") = "ConsoleApp", "07\ConsoleApp\ConsoleApp.csproj", "{BC4A7C3B-5A3F-4F85-9576-D3F1CFA35381}"
EndProject
Project("{FAE04EC0-301F-11D3-BF4B-00C04F79EFBC}") = "Sample1", "07\samples\Sample1\Sample1.csproj", "{C9B69EF7-E21B-47DF-9612-1A3A551CE41A}"
EndProject
Project("{FAE04EC0-301F-11D3-BF4B-00C04F79EFBC}") = "Sample2", "07\samples\Sample2\Sample2.csproj", "{C9C7BB46-DC10-4757-8424-D4B1CC9D9396}"
EndProject
Project("{FAE04EC0-301F-11D3-BF4B-00C04F79EFBC}") = "Sample3", "07\samples\Sample3\Sample3.csproj", "{DF9E1223-964A-4F0A-B1A0-BD4033FE49C6}"
EndProject
Project("{FAE04EC0-301F-11D3-BF4B-00C04F79EFBC}") = "Sample4", "07\samples\Sample4\Sample4.csproj", "{F86F872B-31D1-4D48-B4E5-FBE49EBB335E}"
EndProject
Project("{FAE04EC0-301F-11D3-BF4B-00C04F79EFBC}") = "ConsoleApp", "08\ConsoleApp\ConsoleApp.csproj", "{40066A0C-C944-44A7-A977-0D933A355390}"
EndProject
Project("{FAE04EC0-301F-11D3-BF4B-00C04F79EFBC}") = "Sample1", "08\samples\Sample1\Sample1.csproj", "{44F94FDF-F20E-4D25-BA6A-C6E205A0714F}"
EndProject
Project("{FAE04EC0-301F-11D3-BF4B-00C04F79EFBC}") = "Sample2", "08\samples\Sample2\Sample2.csproj", "{560D71E7-0CDB-4C0C-9FA6-C51422C6F6D5}"
EndProject
Project("{FAE04EC0-301F-11D3-BF4B-00C04F79EFBC}") = "Sample3", "08\samples\Sample3\Sample3.csproj", "{2C19E6DD-026D-4AF5-8CCB-36CD2D553212}"
EndProject
Project("{FAE04EC0-301F-11D3-BF4B-00C04F79EFBC}") = "Sample4", "08\samples\Sample4\Sample4.csproj", "{760CDA4D-58BA-4BC4-AD3A-69F2058F104E}"
EndProject
Project("{FAE04EC0-301F-11D3-BF4B-00C04F79EFBC}") = "ConsoleApp", "09\ConsoleApp\ConsoleApp.csproj", "{36EF77E3-7310-449A-8CE8-C3BC0153B535}"
EndProject
Project("{FAE04EC0-301F-11D3-BF4B-00C04F79EFBC}") = "Sample1", "09\samples\Sample1\Sample1.csproj", "{3BF44845-AE7D-4DF5-9B23-0C417EDD6BBC}"
EndProject
Project("{FAE04EC0-301F-11D3-BF4B-00C04F79EFBC}") = "Sample2", "09\samples\Sample2\Sample2.csproj", "{8505CF98-5D26-477F-A3A3-645860F00AF6}"
EndProject
Global
	GlobalSection(SolutionConfigurationPlatforms) = preSolution
		Debug|Any CPU = Debug|Any CPU
		Release|Any CPU = Release|Any CPU
	EndGlobalSection
	GlobalSection(ProjectConfigurationPlatforms) = postSolution
		{0937787C-6816-4C04-B55F-F74CCAC8CE0F}.Debug|Any CPU.ActiveCfg = Debug|Any CPU
		{0937787C-6816-4C04-B55F-F74CCAC8CE0F}.Debug|Any CPU.Build.0 = Debug|Any CPU
		{0937787C-6816-4C04-B55F-F74CCAC8CE0F}.Release|Any CPU.ActiveCfg = Release|Any CPU
		{0937787C-6816-4C04-B55F-F74CCAC8CE0F}.Release|Any CPU.Build.0 = Release|Any CPU
		{DC02F64C-E41B-4624-95D1-0EAE4D58A439}.Debug|Any CPU.ActiveCfg = Debug|Any CPU
		{DC02F64C-E41B-4624-95D1-0EAE4D58A439}.Debug|Any CPU.Build.0 = Debug|Any CPU
		{DC02F64C-E41B-4624-95D1-0EAE4D58A439}.Release|Any CPU.ActiveCfg = Release|Any CPU
		{DC02F64C-E41B-4624-95D1-0EAE4D58A439}.Release|Any CPU.Build.0 = Release|Any CPU
		{60AB2B90-B704-4C95-99B1-6F010730A076}.Debug|Any CPU.ActiveCfg = Debug|Any CPU
		{60AB2B90-B704-4C95-99B1-6F010730A076}.Debug|Any CPU.Build.0 = Debug|Any CPU
		{60AB2B90-B704-4C95-99B1-6F010730A076}.Release|Any CPU.ActiveCfg = Release|Any CPU
		{60AB2B90-B704-4C95-99B1-6F010730A076}.Release|Any CPU.Build.0 = Release|Any CPU
		{50C6D5E4-17F2-4EB8-A599-47A991927AD3}.Debug|Any CPU.ActiveCfg = Debug|Any CPU
		{50C6D5E4-17F2-4EB8-A599-47A991927AD3}.Debug|Any CPU.Build.0 = Debug|Any CPU
		{50C6D5E4-17F2-4EB8-A599-47A991927AD3}.Release|Any CPU.ActiveCfg = Release|Any CPU
		{50C6D5E4-17F2-4EB8-A599-47A991927AD3}.Release|Any CPU.Build.0 = Release|Any CPU
		{DB777CBE-BC80-4335-AA3C-4721B73BF85D}.Debug|Any CPU.ActiveCfg = Debug|Any CPU
		{DB777CBE-BC80-4335-AA3C-4721B73BF85D}.Debug|Any CPU.Build.0 = Debug|Any CPU
		{DB777CBE-BC80-4335-AA3C-4721B73BF85D}.Release|Any CPU.ActiveCfg = Release|Any CPU
		{DB777CBE-BC80-4335-AA3C-4721B73BF85D}.Release|Any CPU.Build.0 = Release|Any CPU
		{A1723735-F498-4D0D-B096-25F0305BE76C}.Debug|Any CPU.ActiveCfg = Debug|Any CPU
		{A1723735-F498-4D0D-B096-25F0305BE76C}.Debug|Any CPU.Build.0 = Debug|Any CPU
		{A1723735-F498-4D0D-B096-25F0305BE76C}.Release|Any CPU.ActiveCfg = Release|Any CPU
		{A1723735-F498-4D0D-B096-25F0305BE76C}.Release|Any CPU.Build.0 = Release|Any CPU
		{6CF446A6-BE45-4990-AFB4-971152059C66}.Debug|Any CPU.ActiveCfg = Debug|Any CPU
		{6CF446A6-BE45-4990-AFB4-971152059C66}.Debug|Any CPU.Build.0 = Debug|Any CPU
		{6CF446A6-BE45-4990-AFB4-971152059C66}.Release|Any CPU.ActiveCfg = Release|Any CPU
		{6CF446A6-BE45-4990-AFB4-971152059C66}.Release|Any CPU.Build.0 = Release|Any CPU
		{E9ADEB1C-7811-4553-83C6-F0210B350164}.Debug|Any CPU.ActiveCfg = Debug|Any CPU
		{E9ADEB1C-7811-4553-83C6-F0210B350164}.Debug|Any CPU.Build.0 = Debug|Any CPU
		{E9ADEB1C-7811-4553-83C6-F0210B350164}.Release|Any CPU.ActiveCfg = Release|Any CPU
		{E9ADEB1C-7811-4553-83C6-F0210B350164}.Release|Any CPU.Build.0 = Release|Any CPU
		{E53C755E-7BEC-455D-AE03-CF5ED8636AD5}.Debug|Any CPU.ActiveCfg = Debug|Any CPU
		{E53C755E-7BEC-455D-AE03-CF5ED8636AD5}.Debug|Any CPU.Build.0 = Debug|Any CPU
		{E53C755E-7BEC-455D-AE03-CF5ED8636AD5}.Release|Any CPU.ActiveCfg = Release|Any CPU
		{E53C755E-7BEC-455D-AE03-CF5ED8636AD5}.Release|Any CPU.Build.0 = Release|Any CPU
		{8D05FE5B-DE9B-4FE0-93B6-03019CBC3221}.Debug|Any CPU.ActiveCfg = Debug|Any CPU
		{8D05FE5B-DE9B-4FE0-93B6-03019CBC3221}.Debug|Any CPU.Build.0 = Debug|Any CPU
		{8D05FE5B-DE9B-4FE0-93B6-03019CBC3221}.Release|Any CPU.ActiveCfg = Release|Any CPU
		{8D05FE5B-DE9B-4FE0-93B6-03019CBC3221}.Release|Any CPU.Build.0 = Release|Any CPU
		{F5CCED02-E9BD-4D38-AA83-8C9A623DB6BF}.Debug|Any CPU.ActiveCfg = Debug|Any CPU
		{F5CCED02-E9BD-4D38-AA83-8C9A623DB6BF}.Debug|Any CPU.Build.0 = Debug|Any CPU
		{F5CCED02-E9BD-4D38-AA83-8C9A623DB6BF}.Release|Any CPU.ActiveCfg = Release|Any CPU
		{F5CCED02-E9BD-4D38-AA83-8C9A623DB6BF}.Release|Any CPU.Build.0 = Release|Any CPU
		{4C7DADCD-2E09-4A0F-A917-80A0C8C905F3}.Debug|Any CPU.ActiveCfg = Debug|Any CPU
		{4C7DADCD-2E09-4A0F-A917-80A0C8C905F3}.Debug|Any CPU.Build.0 = Debug|Any CPU
		{4C7DADCD-2E09-4A0F-A917-80A0C8C905F3}.Release|Any CPU.ActiveCfg = Release|Any CPU
		{4C7DADCD-2E09-4A0F-A917-80A0C8C905F3}.Release|Any CPU.Build.0 = Release|Any CPU
		{A32A129A-205C-4F77-B525-7A87B4CEA5FF}.Debug|Any CPU.ActiveCfg = Debug|Any CPU
		{A32A129A-205C-4F77-B525-7A87B4CEA5FF}.Debug|Any CPU.Build.0 = Debug|Any CPU
		{A32A129A-205C-4F77-B525-7A87B4CEA5FF}.Release|Any CPU.ActiveCfg = Release|Any CPU
		{A32A129A-205C-4F77-B525-7A87B4CEA5FF}.Release|Any CPU.Build.0 = Release|Any CPU
		{AA94E88D-8765-418C-9FED-2BA4B30FF60B}.Debug|Any CPU.ActiveCfg = Debug|Any CPU
		{AA94E88D-8765-418C-9FED-2BA4B30FF60B}.Debug|Any CPU.Build.0 = Debug|Any CPU
		{AA94E88D-8765-418C-9FED-2BA4B30FF60B}.Release|Any CPU.ActiveCfg = Release|Any CPU
		{AA94E88D-8765-418C-9FED-2BA4B30FF60B}.Release|Any CPU.Build.0 = Release|Any CPU
		{F4698D0B-AC84-4B4F-B7C8-2474690118A9}.Debug|Any CPU.ActiveCfg = Debug|Any CPU
		{F4698D0B-AC84-4B4F-B7C8-2474690118A9}.Debug|Any CPU.Build.0 = Debug|Any CPU
		{F4698D0B-AC84-4B4F-B7C8-2474690118A9}.Release|Any CPU.ActiveCfg = Release|Any CPU
		{F4698D0B-AC84-4B4F-B7C8-2474690118A9}.Release|Any CPU.Build.0 = Release|Any CPU
		{85095327-2B95-4A12-A37C-FB8990B1E60A}.Debug|Any CPU.ActiveCfg = Debug|Any CPU
		{85095327-2B95-4A12-A37C-FB8990B1E60A}.Debug|Any CPU.Build.0 = Debug|Any CPU
		{85095327-2B95-4A12-A37C-FB8990B1E60A}.Release|Any CPU.ActiveCfg = Release|Any CPU
		{85095327-2B95-4A12-A37C-FB8990B1E60A}.Release|Any CPU.Build.0 = Release|Any CPU
		{BD9D409C-58A7-4FF2-8D44-4860B5283182}.Debug|Any CPU.ActiveCfg = Debug|Any CPU
		{BD9D409C-58A7-4FF2-8D44-4860B5283182}.Debug|Any CPU.Build.0 = Debug|Any CPU
		{BD9D409C-58A7-4FF2-8D44-4860B5283182}.Release|Any CPU.ActiveCfg = Release|Any CPU
		{BD9D409C-58A7-4FF2-8D44-4860B5283182}.Release|Any CPU.Build.0 = Release|Any CPU
		{2F9664C0-6A93-4AFF-8787-A464BC0EE9B5}.Debug|Any CPU.ActiveCfg = Debug|Any CPU
		{2F9664C0-6A93-4AFF-8787-A464BC0EE9B5}.Debug|Any CPU.Build.0 = Debug|Any CPU
		{2F9664C0-6A93-4AFF-8787-A464BC0EE9B5}.Release|Any CPU.ActiveCfg = Release|Any CPU
		{2F9664C0-6A93-4AFF-8787-A464BC0EE9B5}.Release|Any CPU.Build.0 = Release|Any CPU
		{7DBA6B84-3EBE-44A3-9449-EDEB3107CD1F}.Debug|Any CPU.ActiveCfg = Debug|Any CPU
		{7DBA6B84-3EBE-44A3-9449-EDEB3107CD1F}.Debug|Any CPU.Build.0 = Debug|Any CPU
		{7DBA6B84-3EBE-44A3-9449-EDEB3107CD1F}.Release|Any CPU.ActiveCfg = Release|Any CPU
		{7DBA6B84-3EBE-44A3-9449-EDEB3107CD1F}.Release|Any CPU.Build.0 = Release|Any CPU
		{59DDE9A9-75AE-487C-A4DA-4F3807CCDEA5}.Debug|Any CPU.ActiveCfg = Debug|Any CPU
		{59DDE9A9-75AE-487C-A4DA-4F3807CCDEA5}.Debug|Any CPU.Build.0 = Debug|Any CPU
		{59DDE9A9-75AE-487C-A4DA-4F3807CCDEA5}.Release|Any CPU.ActiveCfg = Release|Any CPU
		{59DDE9A9-75AE-487C-A4DA-4F3807CCDEA5}.Release|Any CPU.Build.0 = Release|Any CPU
		{78E6466C-FF96-43A8-A934-6D7F11091A73}.Debug|Any CPU.ActiveCfg = Debug|Any CPU
		{78E6466C-FF96-43A8-A934-6D7F11091A73}.Debug|Any CPU.Build.0 = Debug|Any CPU
		{78E6466C-FF96-43A8-A934-6D7F11091A73}.Release|Any CPU.ActiveCfg = Release|Any CPU
		{78E6466C-FF96-43A8-A934-6D7F11091A73}.Release|Any CPU.Build.0 = Release|Any CPU
		{009E8B7F-D6B6-430A-A4B7-8B028387F4F2}.Debug|Any CPU.ActiveCfg = Debug|Any CPU
		{009E8B7F-D6B6-430A-A4B7-8B028387F4F2}.Debug|Any CPU.Build.0 = Debug|Any CPU
		{009E8B7F-D6B6-430A-A4B7-8B028387F4F2}.Release|Any CPU.ActiveCfg = Release|Any CPU
		{009E8B7F-D6B6-430A-A4B7-8B028387F4F2}.Release|Any CPU.Build.0 = Release|Any CPU
		{50DC081A-4E29-4F39-964F-E3FA417F68D7}.Debug|Any CPU.ActiveCfg = Debug|Any CPU
		{50DC081A-4E29-4F39-964F-E3FA417F68D7}.Debug|Any CPU.Build.0 = Debug|Any CPU
		{50DC081A-4E29-4F39-964F-E3FA417F68D7}.Release|Any CPU.ActiveCfg = Release|Any CPU
		{50DC081A-4E29-4F39-964F-E3FA417F68D7}.Release|Any CPU.Build.0 = Release|Any CPU
		{BFB03CAC-8058-4FB4-9EBD-C9D75ACDDA2E}.Debug|Any CPU.ActiveCfg = Debug|Any CPU
		{BFB03CAC-8058-4FB4-9EBD-C9D75ACDDA2E}.Debug|Any CPU.Build.0 = Debug|Any CPU
		{BFB03CAC-8058-4FB4-9EBD-C9D75ACDDA2E}.Release|Any CPU.ActiveCfg = Release|Any CPU
		{BFB03CAC-8058-4FB4-9EBD-C9D75ACDDA2E}.Release|Any CPU.Build.0 = Release|Any CPU
		{B360B088-3A52-404E-B8B7-CB1FE700A198}.Debug|Any CPU.ActiveCfg = Debug|Any CPU
		{B360B088-3A52-404E-B8B7-CB1FE700A198}.Debug|Any CPU.Build.0 = Debug|Any CPU
		{B360B088-3A52-404E-B8B7-CB1FE700A198}.Release|Any CPU.ActiveCfg = Release|Any CPU
		{B360B088-3A52-404E-B8B7-CB1FE700A198}.Release|Any CPU.Build.0 = Release|Any CPU
		{D24CBE77-B361-4B53-AD20-AECCA7F1A339}.Debug|Any CPU.ActiveCfg = Debug|Any CPU
		{D24CBE77-B361-4B53-AD20-AECCA7F1A339}.Debug|Any CPU.Build.0 = Debug|Any CPU
		{D24CBE77-B361-4B53-AD20-AECCA7F1A339}.Release|Any CPU.ActiveCfg = Release|Any CPU
		{D24CBE77-B361-4B53-AD20-AECCA7F1A339}.Release|Any CPU.Build.0 = Release|Any CPU
		{A425CF26-C392-4776-A492-DD2F063C3721}.Debug|Any CPU.ActiveCfg = Debug|Any CPU
		{A425CF26-C392-4776-A492-DD2F063C3721}.Debug|Any CPU.Build.0 = Debug|Any CPU
		{A425CF26-C392-4776-A492-DD2F063C3721}.Release|Any CPU.ActiveCfg = Release|Any CPU
		{A425CF26-C392-4776-A492-DD2F063C3721}.Release|Any CPU.Build.0 = Release|Any CPU
		{BC4A7C3B-5A3F-4F85-9576-D3F1CFA35381}.Debug|Any CPU.ActiveCfg = Debug|Any CPU
		{BC4A7C3B-5A3F-4F85-9576-D3F1CFA35381}.Debug|Any CPU.Build.0 = Debug|Any CPU
		{BC4A7C3B-5A3F-4F85-9576-D3F1CFA35381}.Release|Any CPU.ActiveCfg = Release|Any CPU
		{BC4A7C3B-5A3F-4F85-9576-D3F1CFA35381}.Release|Any CPU.Build.0 = Release|Any CPU
		{C9B69EF7-E21B-47DF-9612-1A3A551CE41A}.Debug|Any CPU.ActiveCfg = Debug|Any CPU
		{C9B69EF7-E21B-47DF-9612-1A3A551CE41A}.Debug|Any CPU.Build.0 = Debug|Any CPU
		{C9B69EF7-E21B-47DF-9612-1A3A551CE41A}.Release|Any CPU.ActiveCfg = Release|Any CPU
		{C9B69EF7-E21B-47DF-9612-1A3A551CE41A}.Release|Any CPU.Build.0 = Release|Any CPU
		{C9C7BB46-DC10-4757-8424-D4B1CC9D9396}.Debug|Any CPU.ActiveCfg = Debug|Any CPU
		{C9C7BB46-DC10-4757-8424-D4B1CC9D9396}.Debug|Any CPU.Build.0 = Debug|Any CPU
		{C9C7BB46-DC10-4757-8424-D4B1CC9D9396}.Release|Any CPU.ActiveCfg = Release|Any CPU
		{C9C7BB46-DC10-4757-8424-D4B1CC9D9396}.Release|Any CPU.Build.0 = Release|Any CPU
		{DF9E1223-964A-4F0A-B1A0-BD4033FE49C6}.Debug|Any CPU.ActiveCfg = Debug|Any CPU
		{DF9E1223-964A-4F0A-B1A0-BD4033FE49C6}.Debug|Any CPU.Build.0 = Debug|Any CPU
		{DF9E1223-964A-4F0A-B1A0-BD4033FE49C6}.Release|Any CPU.ActiveCfg = Release|Any CPU
		{DF9E1223-964A-4F0A-B1A0-BD4033FE49C6}.Release|Any CPU.Build.0 = Release|Any CPU
		{F86F872B-31D1-4D48-B4E5-FBE49EBB335E}.Debug|Any CPU.ActiveCfg = Debug|Any CPU
		{F86F872B-31D1-4D48-B4E5-FBE49EBB335E}.Debug|Any CPU.Build.0 = Debug|Any CPU
		{F86F872B-31D1-4D48-B4E5-FBE49EBB335E}.Release|Any CPU.ActiveCfg = Release|Any CPU
		{F86F872B-31D1-4D48-B4E5-FBE49EBB335E}.Release|Any CPU.Build.0 = Release|Any CPU
		{40066A0C-C944-44A7-A977-0D933A355390}.Debug|Any CPU.ActiveCfg = Debug|Any CPU
		{40066A0C-C944-44A7-A977-0D933A355390}.Debug|Any CPU.Build.0 = Debug|Any CPU
		{40066A0C-C944-44A7-A977-0D933A355390}.Release|Any CPU.ActiveCfg = Release|Any CPU
		{40066A0C-C944-44A7-A977-0D933A355390}.Release|Any CPU.Build.0 = Release|Any CPU
		{44F94FDF-F20E-4D25-BA6A-C6E205A0714F}.Debug|Any CPU.ActiveCfg = Debug|Any CPU
		{44F94FDF-F20E-4D25-BA6A-C6E205A0714F}.Debug|Any CPU.Build.0 = Debug|Any CPU
		{44F94FDF-F20E-4D25-BA6A-C6E205A0714F}.Release|Any CPU.ActiveCfg = Release|Any CPU
		{44F94FDF-F20E-4D25-BA6A-C6E205A0714F}.Release|Any CPU.Build.0 = Release|Any CPU
		{560D71E7-0CDB-4C0C-9FA6-C51422C6F6D5}.Debug|Any CPU.ActiveCfg = Debug|Any CPU
		{560D71E7-0CDB-4C0C-9FA6-C51422C6F6D5}.Debug|Any CPU.Build.0 = Debug|Any CPU
		{560D71E7-0CDB-4C0C-9FA6-C51422C6F6D5}.Release|Any CPU.ActiveCfg = Release|Any CPU
		{560D71E7-0CDB-4C0C-9FA6-C51422C6F6D5}.Release|Any CPU.Build.0 = Release|Any CPU
		{2C19E6DD-026D-4AF5-8CCB-36CD2D553212}.Debug|Any CPU.ActiveCfg = Debug|Any CPU
		{2C19E6DD-026D-4AF5-8CCB-36CD2D553212}.Debug|Any CPU.Build.0 = Debug|Any CPU
		{2C19E6DD-026D-4AF5-8CCB-36CD2D553212}.Release|Any CPU.ActiveCfg = Release|Any CPU
		{2C19E6DD-026D-4AF5-8CCB-36CD2D553212}.Release|Any CPU.Build.0 = Release|Any CPU
		{760CDA4D-58BA-4BC4-AD3A-69F2058F104E}.Debug|Any CPU.ActiveCfg = Debug|Any CPU
		{760CDA4D-58BA-4BC4-AD3A-69F2058F104E}.Debug|Any CPU.Build.0 = Debug|Any CPU
		{760CDA4D-58BA-4BC4-AD3A-69F2058F104E}.Release|Any CPU.ActiveCfg = Release|Any CPU
		{760CDA4D-58BA-4BC4-AD3A-69F2058F104E}.Release|Any CPU.Build.0 = Release|Any CPU
		{36EF77E3-7310-449A-8CE8-C3BC0153B535}.Debug|Any CPU.ActiveCfg = Debug|Any CPU
		{36EF77E3-7310-449A-8CE8-C3BC0153B535}.Debug|Any CPU.Build.0 = Debug|Any CPU
		{36EF77E3-7310-449A-8CE8-C3BC0153B535}.Release|Any CPU.ActiveCfg = Release|Any CPU
		{36EF77E3-7310-449A-8CE8-C3BC0153B535}.Release|Any CPU.Build.0 = Release|Any CPU
		{3BF44845-AE7D-4DF5-9B23-0C417EDD6BBC}.Debug|Any CPU.ActiveCfg = Debug|Any CPU
		{3BF44845-AE7D-4DF5-9B23-0C417EDD6BBC}.Debug|Any CPU.Build.0 = Debug|Any CPU
		{3BF44845-AE7D-4DF5-9B23-0C417EDD6BBC}.Release|Any CPU.ActiveCfg = Release|Any CPU
		{3BF44845-AE7D-4DF5-9B23-0C417EDD6BBC}.Release|Any CPU.Build.0 = Release|Any CPU
		{8505CF98-5D26-477F-A3A3-645860F00AF6}.Debug|Any CPU.ActiveCfg = Debug|Any CPU
		{8505CF98-5D26-477F-A3A3-645860F00AF6}.Debug|Any CPU.Build.0 = Debug|Any CPU
		{8505CF98-5D26-477F-A3A3-645860F00AF6}.Release|Any CPU.ActiveCfg = Release|Any CPU
		{8505CF98-5D26-477F-A3A3-645860F00AF6}.Release|Any CPU.Build.0 = Release|Any CPU
	EndGlobalSection
EndGlobal
